<?xml version="1.0" encoding="utf-8"?>
<Project ToolsVersion="4.0" xmlns="http://schemas.microsoft.com/developer/msbuild/2003">
  <ItemGroup>
    <Filter Include="源文件">
      <UniqueIdentifier>{4FC737F1-C7A5-4376-A066-2A32D752A2FF}</UniqueIdentifier>
      <Extensions>cpp;c;cc;cxx;def;odl;idl;hpj;bat;asm;asmx</Extensions>
    </Filter>
    <Filter Include="头文件">
      <UniqueIdentifier>{93995380-89BD-4b04-88EB-625FBE52EBFB}</UniqueIdentifier>
      <Extensions>h;hh;hpp;hxx;hm;inl;inc;xsd</Extensions>
    </Filter>
    <Filter Include="资源文件">
      <UniqueIdentifier>{67DA6AB6-F800-4c08-8B7A-83BB121AAD01}</UniqueIdentifier>
      <Extensions>rc;ico;cur;bmp;dlg;rc2;rct;bin;rgs;gif;jpg;jpeg;jpe;resx;tiff;tif;png;wav;mfcribbon-ms</Extensions>
    </Filter>
    <Filter Include="Common">
      <UniqueIdentifier>{13c0df9a-0ff0-4985-a14e-6b5787af6224}</UniqueIdentifier>
    </Filter>
  </ItemGroup>
  <ItemGroup>
    <Text Include="ReadMe.txt" />
  </ItemGroup>
  <ItemGroup>
    <ClInclude Include="stdafx.h">
      <Filter>头文件</Filter>
    </ClInclude>
    <ClInclude Include="targetver.h">
      <Filter>头文件</Filter>
    </ClInclude>
    <ClInclude Include="Resource.h">
      <Filter>头文件</Filter>
    </ClInclude>
    <ClInclude Include="ShareDefine.h">
      <Filter>头文件</Filter>
    </ClInclude>
    <ClInclude Include="Common\Camera.h">
      <Filter>Common</Filter>
    </ClInclude>
    <ClInclude Include="Common\d3dApp.h">
      <Filter>Common</Filter>
    </ClInclude>
    <ClInclude Include="Common\d3dUtil.h">
      <Filter>Common</Filter>
    </ClInclude>
    <ClInclude Include="Common\d3dx11effect.h">
      <Filter>Common</Filter>
    </ClInclude>
    <ClInclude Include="Common\GameTimer.h">
      <Filter>Common</Filter>
    </ClInclude>
    <ClInclude Include="Common\GeometryGenerator.h">
      <Filter>Common</Filter>
    </ClInclude>
    <ClInclude Include="Common\LightHelper.h">
      <Filter>Common</Filter>
    </ClInclude>
    <ClInclude Include="Common\MathHelper.h">
      <Filter>Common</Filter>
    </ClInclude>
    <ClInclude Include="Common\TextureMgr.h">
      <Filter>Common</Filter>
    </ClInclude>
    <ClInclude Include="Common\Waves.h">
      <Filter>Common</Filter>
    </ClInclude>
    <ClInclude Include="Common\xnacollision.h">
      <Filter>Common</Filter>
    </ClInclude>
    <ClInclude Include="Effects.h">
      <Filter>源文件</Filter>
    </ClInclude>
    <ClInclude Include="RenderStates.h">
      <Filter>源文件</Filter>
    </ClInclude>
    <ClInclude Include="DXEngine.h">
      <Filter>源文件</Filter>
    </ClInclude>
    <ClInclude Include="windowbase.h">
      <Filter>头文件</Filter>
    </ClInclude>
    <ClInclude Include="WindowManager.h">
      <Filter>头文件</Filter>
    </ClInclude>
    <ClInclude Include="ControlBase.h">
      <Filter>头文件</Filter>
    </ClInclude>
    <ClInclude Include="ColorButton.h">
      <Filter>头文件</Filter>
    </ClInclude>
    <ClInclude Include="NormalWindow.h">
      <Filter>头文件</Filter>
    </ClInclude>
    <ClInclude Include="TextControl.h">
      <Filter>头文件</Filter>
    </ClInclude>
    <ClInclude Include="EditBox.h">
      <Filter>头文件</Filter>
    </ClInclude>
    <ClInclude Include="Node.h">
      <Filter>头文件</Filter>
    </ClInclude>
    <ClInclude Include="Math.h">
      <Filter>Common</Filter>
    </ClInclude>
    <ClInclude Include="Vector3.h">
      <Filter>Common</Filter>
    </ClInclude>
    <ClInclude Include="Vector2.h">
      <Filter>Common</Filter>
    </ClInclude>
    <ClInclude Include="Quaternion.h">
      <Filter>Common</Filter>
    </ClInclude>
    <ClInclude Include="Matrix3.h">
      <Filter>Common</Filter>
    </ClInclude>
    <ClInclude Include="Plane.h">
      <Filter>Common</Filter>
    </ClInclude>
    <ClInclude Include="AxisAlignedBox.h">
      <Filter>Common</Filter>
    </ClInclude>
    <ClInclude Include="Matrix4.h">
      <Filter>Common</Filter>
    </ClInclude>
    <ClInclude Include="Vector4.h">
      <Filter>Common</Filter>
    </ClInclude>
    <ClInclude Include="Ray.h">
      <Filter>Common</Filter>
    </ClInclude>
    <ClInclude Include="PlaneBoundedVolume.h">
      <Filter>Common</Filter>
    </ClInclude>
    <ClInclude Include="Sphere.h">
      <Filter>Common</Filter>
    </ClInclude>
    <ClInclude Include="Renderable.h">
      <Filter>头文件</Filter>
    </ClInclude>
  </ItemGroup>
  <ItemGroup>
    <ClCompile Include="stdafx.cpp">
      <Filter>源文件</Filter>
    </ClCompile>
    <ClCompile Include="MyUtility.cpp">
      <Filter>源文件</Filter>
    </ClCompile>
    <ClCompile Include="Common\Camera.cpp">
      <Filter>Common</Filter>
    </ClCompile>
    <ClCompile Include="Common\d3dApp.cpp">
      <Filter>Common</Filter>
    </ClCompile>
    <ClCompile Include="Common\d3dUtil.cpp">
      <Filter>Common</Filter>
    </ClCompile>
    <ClCompile Include="Common\GameTimer.cpp">
      <Filter>Common</Filter>
    </ClCompile>
    <ClCompile Include="Common\GeometryGenerator.cpp">
      <Filter>Common</Filter>
    </ClCompile>
    <ClCompile Include="Common\LightHelper.cpp">
      <Filter>Common</Filter>
    </ClCompile>
    <ClCompile Include="Common\MathHelper.cpp">
      <Filter>Common</Filter>
    </ClCompile>
    <ClCompile Include="Common\TextureMgr.cpp">
      <Filter>Common</Filter>
    </ClCompile>
    <ClCompile Include="Common\Waves.cpp">
      <Filter>Common</Filter>
    </ClCompile>
    <ClCompile Include="Common\xnacollision.cpp">
      <Filter>Common</Filter>
    </ClCompile>
    <ClCompile Include="Effects.cpp">
      <Filter>源文件</Filter>
    </ClCompile>
    <ClCompile Include="RenderStates.cpp">
      <Filter>源文件</Filter>
    </ClCompile>
    <ClCompile Include="DXEngine.cpp">
      <Filter>源文件</Filter>
    </ClCompile>
    <ClCompile Include="WindowManager.cpp">
      <Filter>源文件</Filter>
    </ClCompile>
    <ClCompile Include="windowbase.cpp">
      <Filter>源文件</Filter>
    </ClCompile>
    <ClCompile Include="ColorButton.cpp">
      <Filter>源文件</Filter>
    </ClCompile>
    <ClCompile Include="NormalWindow.cpp">
      <Filter>源文件</Filter>
    </ClCompile>
    <ClCompile Include="TextControl.cpp">
      <Filter>源文件</Filter>
    </ClCompile>
    <ClCompile Include="EditBox.cpp">
      <Filter>源文件</Filter>
    </ClCompile>
    <ClCompile Include="Vector2.cpp">
      <Filter>Common</Filter>
    </ClCompile>
    <ClCompile Include="Vector3.cpp">
      <Filter>Common</Filter>
    </ClCompile>
    <ClCompile Include="Vector4.cpp">
      <Filter>Common</Filter>
    </ClCompile>
    <ClCompile Include="Math.cpp">
      <Filter>Common</Filter>
    </ClCompile>
    <ClCompile Include="Matrix3.cpp">
      <Filter>Common</Filter>
    </ClCompile>
    <ClCompile Include="Matrix4.cpp">
      <Filter>Common</Filter>
    </ClCompile>
    <ClCompile Include="Quaternion.cpp">
      <Filter>Common</Filter>
    </ClCompile>
    <ClCompile Include="Plane.cpp">
      <Filter>Common</Filter>
    </ClCompile>
    <ClCompile Include="Renderable.cpp">
      <Filter>源文件</Filter>
    </ClCompile>
  </ItemGroup>
  <ItemGroup>
    <ResourceCompile Include="6022SelfCheck.rc">
      <Filter>资源文件</Filter>
    </ResourceCompile>
  </ItemGroup>
  <ItemGroup>
    <Image Include="small.ico">
      <Filter>资源文件</Filter>
    </Image>
    <Image Include="6022SelfCheck.ico">
      <Filter>资源文件</Filter>
    </Image>
  </ItemGroup>
  <ItemGroup>
    <Library Include="Common\Effects11.lib">
      <Filter>Common</Filter>
    </Library>
    <Library Include="Common\Effects11d.lib">
      <Filter>Common</Filter>
    </Library>
  </ItemGroup>
</Project>